
Microsoft Visual Studio Solution File, Format Version 12.00
# Visual Studio 15
Project("{FAE04EC0-301F-11D3-BF4B-00C04F79EFBC}") = "MatrixTask", "MatrixTask\MatrixTask.csproj", "{405023F2-9446-4559-864D-DFE04A70B302}"
EndProject
Global
	GlobalSection(SolutionConfigurationPlatforms) = preSolution
		Debug|Any CPU = Debug|Any CPU
		Release|Any CPU = Release|Any CPU
	EndGlobalSection
	GlobalSection(ProjectConfigurationPlatforms) = postSolution
		{405023F2-9446-4559-864D-DFE04A70B302}.Debug|Any CPU.ActiveCfg = Debug|Any CPU
		{405023F2-9446-4559-864D-DFE04A70B302}.Debug|Any CPU.Build.0 = Debug|Any CPU
		{405023F2-9446-4559-864D-DFE04A70B302}.Release|Any CPU.ActiveCfg = Release|Any CPU
		{405023F2-9446-4559-864D-DFE04A70B302}.Release|Any CPU.Build.0 = Release|Any CPU
	EndGlobalSection
EndGlobal
